
Microsoft Visual Studio Solution File, Format Version 12.00
# Visual Studio Version 17
VisualStudioVersion = 17.5.002.0
MinimumVisualStudioVersion = 10.0.40219.1
Project("{9A19103F-16F7-4668-BE54-9A1E7A4F7556}") = "Projeto01", "Projeto01.csproj", "{48A01397-D1DB-428F-9658-02C3E6C45D47}"
EndProject
Project("{FAE04EC0-301F-11D3-BF4B-00C04F79EFBC}") = "Projeto01.Common", "Projeto01.Common\Projeto01.Common.csproj", "{6E1C0EA9-681C-40CA-9B16-CEBB90BF28C1}"
EndProject
Global
	GlobalSection(SolutionConfigurationPlatforms) = preSolution
		Debug|Any CPU = Debug|Any CPU
		Release|Any CPU = Release|Any CPU
	EndGlobalSection
	GlobalSection(ProjectConfigurationPlatforms) = postSolution
		{48A01397-D1DB-428F-9658-02C3E6C45D47}.Debug|Any CPU.ActiveCfg = Debug|Any CPU
		{48A01397-D1DB-428F-9658-02C3E6C45D47}.Debug|Any CPU.Build.0 = Debug|Any CPU
		{48A01397-D1DB-428F-9658-02C3E6C45D47}.Release|Any CPU.ActiveCfg = Release|Any CPU
		{48A01397-D1DB-428F-9658-02C3E6C45D47}.Release|Any CPU.Build.0 = Release|Any CPU
		{6E1C0EA9-681C-40CA-9B16-CEBB90BF28C1}.Debug|Any CPU.ActiveCfg = Debug|Any CPU
		{6E1C0EA9-681C-40CA-9B16-CEBB90BF28C1}.Debug|Any CPU.Build.0 = Debug|Any CPU
		{6E1C0EA9-681C-40CA-9B16-CEBB90BF28C1}.Release|Any CPU.ActiveCfg = Release|Any CPU
		{6E1C0EA9-681C-40CA-9B16-CEBB90BF28C1}.Release|Any CPU.Build.0 = Release|Any CPU
	EndGlobalSection
	GlobalSection(SolutionProperties) = preSolution
		HideSolutionNode = FALSE
	EndGlobalSection
	GlobalSection(ExtensibilityGlobals) = postSolution
		SolutionGuid = {9865BA4F-502F-4C1F-B3EA-224E980090D7}
	EndGlobalSection
EndGlobal
